
Microsoft Visual Studio Solution File, Format Version 12.00
# Visual Studio Version 16
VisualStudioVersion = 16.0.31410.357
MinimumVisualStudioVersion = 10.0.40219.1
Project("{FAE04EC0-301F-11D3-BF4B-00C04F79EFBC}") = "BagageWPF", "BagageWPF\BagageWPF.csproj", "{09252A18-D340-42BB-9AA2-61A111644430}"
EndProject
Global
	GlobalSection(SolutionConfigurationPlatforms) = preSolution
		Debug|Any CPU = Debug|Any CPU
		Release|Any CPU = Release|Any CPU
	EndGlobalSection
	GlobalSection(ProjectConfigurationPlatforms) = postSolution
		{09252A18-D340-42BB-9AA2-61A111644430}.Debug|Any CPU.ActiveCfg = Debug|Any CPU
		{09252A18-D340-42BB-9AA2-61A111644430}.Debug|Any CPU.Build.0 = Debug|Any CPU
		{09252A18-D340-42BB-9AA2-61A111644430}.Release|Any CPU.ActiveCfg = Release|Any CPU
		{09252A18-D340-42BB-9AA2-61A111644430}.Release|Any CPU.Build.0 = Release|Any CPU
	EndGlobalSection
	GlobalSection(SolutionProperties) = preSolution
		HideSolutionNode = FALSE
	EndGlobalSection
	GlobalSection(ExtensibilityGlobals) = postSolution
		SolutionGuid = {34C04ABD-A5DD-48F1-BCC8-801ADC954BFA}
	EndGlobalSection
EndGlobal
